
Microsoft Visual Studio Solution File, Format Version 12.00
# Visual Studio Version 17
VisualStudioVersion = 17.2.32210.308
MinimumVisualStudioVersion = 10.0.40219.1
Project("{9A19103F-16F7-4668-BE54-9A1E7A4F7556}") = "Pha3z.FrichText", "FrichText\Pha3z.FrichText.csproj", "{607CBFC5-DFAE-4DFC-90AF-79FA7CE327A2}"
EndProject
Global
	GlobalSection(SolutionConfigurationPlatforms) = preSolution
		Debug|Any CPU = Debug|Any CPU
		Release|Any CPU = Release|Any CPU
	EndGlobalSection
	GlobalSection(ProjectConfigurationPlatforms) = postSolution
		{607CBFC5-DFAE-4DFC-90AF-79FA7CE327A2}.Debug|Any CPU.ActiveCfg = Debug|Any CPU
		{607CBFC5-DFAE-4DFC-90AF-79FA7CE327A2}.Debug|Any CPU.Build.0 = Debug|Any CPU
		{607CBFC5-DFAE-4DFC-90AF-79FA7CE327A2}.Release|Any CPU.ActiveCfg = Release|Any CPU
		{607CBFC5-DFAE-4DFC-90AF-79FA7CE327A2}.Release|Any CPU.Build.0 = Release|Any CPU
	EndGlobalSection
	GlobalSection(SolutionProperties) = preSolution
		HideSolutionNode = FALSE
	EndGlobalSection
	GlobalSection(ExtensibilityGlobals) = postSolution
		SolutionGuid = {2F8BE52D-11D6-4C75-85E2-3D9050190126}
	EndGlobalSection
EndGlobal
